
Microsoft Visual Studio Solution File, Format Version 12.00
# Visual Studio Version 17
VisualStudioVersion = 17.5.33424.131
MinimumVisualStudioVersion = 10.0.40219.1
Project("{8BC9CEB8-8B4A-11D0-8D11-00A0C91BC942}") = "RockPaperScissorsLizardSpock", "RockPaperScissorsLizardSpock\RockPaperScissorsLizardSpock.vcxproj", "{878076ED-CC56-4687-82C3-CA4EC081F315}"
EndProject
Global
	GlobalSection(SolutionConfigurationPlatforms) = preSolution
		Debug|x64 = Debug|x64
		Debug|x86 = Debug|x86
		Release|x64 = Release|x64
		Release|x86 = Release|x86
	EndGlobalSection
	GlobalSection(ProjectConfigurationPlatforms) = postSolution
		{878076ED-CC56-4687-82C3-CA4EC081F315}.Debug|x64.ActiveCfg = Debug|x64
		{878076ED-CC56-4687-82C3-CA4EC081F315}.Debug|x64.Build.0 = Debug|x64
		{878076ED-CC56-4687-82C3-CA4EC081F315}.Debug|x86.ActiveCfg = Debug|Win32
		{878076ED-CC56-4687-82C3-CA4EC081F315}.Debug|x86.Build.0 = Debug|Win32
		{878076ED-CC56-4687-82C3-CA4EC081F315}.Release|x64.ActiveCfg = Release|x64
		{878076ED-CC56-4687-82C3-CA4EC081F315}.Release|x64.Build.0 = Release|x64
		{878076ED-CC56-4687-82C3-CA4EC081F315}.Release|x86.ActiveCfg = Release|Win32
		{878076ED-CC56-4687-82C3-CA4EC081F315}.Release|x86.Build.0 = Release|Win32
	EndGlobalSection
	GlobalSection(SolutionProperties) = preSolution
		HideSolutionNode = FALSE
	EndGlobalSection
	GlobalSection(ExtensibilityGlobals) = postSolution
		SolutionGuid = {B0AA6BDC-BDC6-4D73-99FE-AC79916C6F6D}
	EndGlobalSection
EndGlobal
